// !$*UTF8*$!
{
	archiveVersion = 1;
	classes = {
	};
	objectVersion = 56;
	objects = {

/* Begin PBXBuildFile section */
		966F7CC52C61D57F00D28A48 /* id in Frameworks */ = {isa = PBXBuildFile; productRef = 966F7CC42C61D57F00D28A48 /* id */; };
		96F381F62C5CD757000ABDDD /* AppDelegate.swift in Sources */ = {isa = PBXBuildFile; fileRef = 96F381F52C5CD757000ABDDD /* AppDelegate.swift */; };
		96F381F82C5CD757000ABDDD /* SceneDelegate.swift in Sources */ = {isa = PBXBuildFile; fileRef = 96F381F72C5CD757000ABDDD /* SceneDelegate.swift */; };
		96F381FA2C5CD757000ABDDD /* ViewController.swift in Sources */ = {isa = PBXBuildFile; fileRef = 96F381F92C5CD757000ABDDD /* ViewController.swift */; };
		96F381FD2C5CD757000ABDDD /* Main.storyboard in Resources */ = {isa = PBXBuildFile; fileRef = 96F381FB2C5CD757000ABDDD /* Main.storyboard */; };
		96F381FF2C5CD758000ABDDD /* Assets.xcassets in Resources */ = {isa = PBXBuildFile; fileRef = 96F381FE2C5CD758000ABDDD /* Assets.xcassets */; };
		96F382022C5CD758000ABDDD /* LaunchScreen.storyboard in Resources */ = {isa = PBXBuildFile; fileRef = 96F382002C5CD758000ABDDD /* LaunchScreen.storyboard */; };
		96F3820D2C5CD758000ABDDD /* DemoAppTests.swift in Sources */ = {isa = PBXBuildFile; fileRef = 96F3820C2C5CD758000ABDDD /* DemoAppTests.swift */; };
		96F382172C5CD758000ABDDD /* DemoAppUITests.swift in Sources */ = {isa = PBXBuildFile; fileRef = 96F382162C5CD758000ABDDD /* DemoAppUITests.swift */; };
		96F382192C5CD758000ABDDD /* DemoAppUITestsLaunchTests.swift in Sources */ = {isa = PBXBuildFile; fileRef = 96F382182C5CD758000ABDDD /* DemoAppUITestsLaunchTests.swift */; };
/* End PBXBuildFile section */

/* Begin PBXContainerItemProxy section */
		96F382092C5CD758000ABDDD /* PBXContainerItemProxy */ = {
			isa = PBXContainerItemProxy;
			containerPortal = 96F381EA2C5CD757000ABDDD /* Project object */;
			proxyType = 1;
			remoteGlobalIDString = 96F381F12C5CD757000ABDDD;
			remoteInfo = DemoApp;
		};
		96F382132C5CD758000ABDDD /* PBXContainerItemProxy */ = {
			isa = PBXContainerItemProxy;
			containerPortal = 96F381EA2C5CD757000ABDDD /* Project object */;
			proxyType = 1;
			remoteGlobalIDString = 96F381F12C5CD757000ABDDD;
			remoteInfo = DemoApp;
		};
/* End PBXContainerItemProxy section */

/* Begin PBXFileReference section */
		96F381F22C5CD757000ABDDD /* DemoApp.app */ = {isa = PBXFileReference; explicitFileType = wrapper.application; includeInIndex = 0; path = DemoApp.app; sourceTree = BUILT_PRODUCTS_DIR; };
		96F381F52C5CD757000ABDDD /* AppDelegate.swift */ = {isa = PBXFileReference; lastKnownFileType = sourcecode.swift; path = AppDelegate.swift; sourceTree = "<group>"; };
		96F381F72C5CD757000ABDDD /* SceneDelegate.swift */ = {isa = PBXFileReference; lastKnownFileType = sourcecode.swift; path = SceneDelegate.swift; sourceTree = "<group>"; };
		96F381F92C5CD757000ABDDD /* ViewController.swift */ = {isa = PBXFileReference; lastKnownFileType = sourcecode.swift; path = ViewController.swift; sourceTree = "<group>"; };
		96F381FC2C5CD757000ABDDD /* Base */ = {isa = PBXFileReference; lastKnownFileType = file.storyboard; name = Base; path = Base.lproj/Main.storyboard; sourceTree = "<group>"; };
		96F381FE2C5CD758000ABDDD /* Assets.xcassets */ = {isa = PBXFileReference; lastKnownFileType = folder.assetcatalog; path = Assets.xcassets; sourceTree = "<group>"; };
		96F382012C5CD758000ABDDD /* Base */ = {isa = PBXFileReference; lastKnownFileType = file.storyboard; name = Base; path = Base.lproj/LaunchScreen.storyboard; sourceTree = "<group>"; };
		96F382032C5CD758000ABDDD /* Info.plist */ = {isa = PBXFileReference; lastKnownFileType = text.plist.xml; path = Info.plist; sourceTree = "<group>"; };
		96F382082C5CD758000ABDDD /* DemoAppTests.xctest */ = {isa = PBXFileReference; explicitFileType = wrapper.cfbundle; includeInIndex = 0; path = DemoAppTests.xctest; sourceTree = BUILT_PRODUCTS_DIR; };
		96F3820C2C5CD758000ABDDD /* DemoAppTests.swift */ = {isa = PBXFileReference; lastKnownFileType = sourcecode.swift; path = DemoAppTests.swift; sourceTree = "<group>"; };
		96F382122C5CD758000ABDDD /* DemoAppUITests.xctest */ = {isa = PBXFileReference; explicitFileType = wrapper.cfbundle; includeInIndex = 0; path = DemoAppUITests.xctest; sourceTree = BUILT_PRODUCTS_DIR; };
		96F382162C5CD758000ABDDD /* DemoAppUITests.swift */ = {isa = PBXFileReference; lastKnownFileType = sourcecode.swift; path = DemoAppUITests.swift; sourceTree = "<group>"; };
		96F382182C5CD758000ABDDD /* DemoAppUITestsLaunchTests.swift */ = {isa = PBXFileReference; lastKnownFileType = sourcecode.swift; path = DemoAppUITestsLaunchTests.swift; sourceTree = "<group>"; };
/* End PBXFileReference section */

/* Begin PBXFrameworksBuildPhase section */
		96F381EF2C5CD757000ABDDD /* Frameworks */ = {
			isa = PBXFrameworksBuildPhase;
			buildActionMask = 2147483647;
			files = (
				966F7CC52C61D57F00D28A48 /* id in Frameworks */,
			);
			runOnlyForDeploymentPostprocessing = 0;
		};
		96F382052C5CD758000ABDDD /* Frameworks */ = {
			isa = PBXFrameworksBuildPhase;
			buildActionMask = 2147483647;
			files = (
			);
			runOnlyForDeploymentPostprocessing = 0;
		};
		96F3820F2C5CD758000ABDDD /* Frameworks */ = {
			isa = PBXFrameworksBuildPhase;
			buildActionMask = 2147483647;
			files = (
			);
			runOnlyForDeploymentPostprocessing = 0;
		};
/* End PBXFrameworksBuildPhase section */

/* Begin PBXGroup section */
		966F7CC32C61D57F00D28A48 /* Frameworks */ = {
			isa = PBXGroup;
			children = (
			);
			name = Frameworks;
			sourceTree = "<group>";
		};
		96F381E92C5CD757000ABDDD = {
			isa = PBXGroup;
			children = (
				96F381F42C5CD757000ABDDD /* DemoApp */,
				96F3820B2C5CD758000ABDDD /* DemoAppTests */,
				96F382152C5CD758000ABDDD /* DemoAppUITests */,
				96F381F32C5CD757000ABDDD /* Products */,
				966F7CC32C61D57F00D28A48 /* Frameworks */,
			);
			sourceTree = "<group>";
		};
		96F381F32C5CD757000ABDDD /* Products */ = {
			isa = PBXGroup;
			children = (
				96F381F22C5CD757000ABDDD /* DemoApp.app */,
				96F382082C5CD758000ABDDD /* DemoAppTests.xctest */,
				96F382122C5CD758000ABDDD /* DemoAppUITests.xctest */,
			);
			name = Products;
			sourceTree = "<group>";
		};
		96F381F42C5CD757000ABDDD /* DemoApp */ = {
			isa = PBXGroup;
			children = (
				96F381F52C5CD757000ABDDD /* AppDelegate.swift */,
				96F381F72C5CD757000ABDDD /* SceneDelegate.swift */,
				96F381F92C5CD757000ABDDD /* ViewController.swift */,
				96F381FB2C5CD757000ABDDD /* Main.storyboard */,
				96F381FE2C5CD758000ABDDD /* Assets.xcassets */,
				96F382002C5CD758000ABDDD /* LaunchScreen.storyboard */,
				96F382032C5CD758000ABDDD /* Info.plist */,
			);
			path = DemoApp;
			sourceTree = "<group>";
		};
		96F3820B2C5CD758000ABDDD /* DemoAppTests */ = {
			isa = PBXGroup;
			children = (
				96F3820C2C5CD758000ABDDD /* DemoAppTests.swift */,
			);
			path = DemoAppTests;
			sourceTree = "<group>";
		};
		96F382152C5CD758000ABDDD /* DemoAppUITests */ = {
			isa = PBXGroup;
			children = (
				96F382162C5CD758000ABDDD /* DemoAppUITests.swift */,
				96F382182C5CD758000ABDDD /* DemoAppUITestsLaunchTests.swift */,
			);
			path = DemoAppUITests;
			sourceTree = "<group>";
		};
/* End PBXGroup section */

/* Begin PBXNativeTarget section */
		96F381F12C5CD757000ABDDD /* DemoApp */ = {
			isa = PBXNativeTarget;
			buildConfigurationList = 96F3821C2C5CD758000ABDDD /* Build configuration list for PBXNativeTarget "DemoApp" */;
			buildPhases = (
				96F381EE2C5CD757000ABDDD /* Sources */,
				96F381EF2C5CD757000ABDDD /* Frameworks */,
				96F381F02C5CD757000ABDDD /* Resources */,
			);
			buildRules = (
			);
			dependencies = (
			);
			name = DemoApp;
			packageProductDependencies = (
				966F7CC42C61D57F00D28A48 /* id */,
			);
			productName = DemoApp;
			productReference = 96F381F22C5CD757000ABDDD /* DemoApp.app */;
			productType = "com.apple.product-type.application";
		};
		96F382072C5CD758000ABDDD /* DemoAppTests */ = {
			isa = PBXNativeTarget;
			buildConfigurationList = 96F3821F2C5CD758000ABDDD /* Build configuration list for PBXNativeTarget "DemoAppTests" */;
			buildPhases = (
				96F382042C5CD758000ABDDD /* Sources */,
				96F382052C5CD758000ABDDD /* Frameworks */,
				96F382062C5CD758000ABDDD /* Resources */,
			);
			buildRules = (
			);
			dependencies = (
				96F3820A2C5CD758000ABDDD /* PBXTargetDependency */,
			);
			name = DemoAppTests;
			productName = DemoAppTests;
			productReference = 96F382082C5CD758000ABDDD /* DemoAppTests.xctest */;
			productType = "com.apple.product-type.bundle.unit-test";
		};
		96F382112C5CD758000ABDDD /* DemoAppUITests */ = {
			isa = PBXNativeTarget;
			buildConfigurationList = 96F382222C5CD758000ABDDD /* Build configuration list for PBXNativeTarget "DemoAppUITests" */;
			buildPhases = (
				96F3820E2C5CD758000ABDDD /* Sources */,
				96F3820F2C5CD758000ABDDD /* Frameworks */,
				96F382102C5CD758000ABDDD /* Resources */,
			);
			buildRules = (
			);
			dependencies = (
				96F382142C5CD758000ABDDD /* PBXTargetDependency */,
			);
			name = DemoAppUITests;
			productName = DemoAppUITests;
			productReference = 96F382122C5CD758000ABDDD /* DemoAppUITests.xctest */;
			productType = "com.apple.product-type.bundle.ui-testing";
		};
/* End PBXNativeTarget section */

/* Begin PBXProject section */
		96F381EA2C5CD757000ABDDD /* Project object */ = {
			isa = PBXProject;
			attributes = {
				BuildIndependentTargetsInParallel = 1;
				LastSwiftUpdateCheck = 1500;
				LastUpgradeCheck = 1500;
				TargetAttributes = {
					96F381F12C5CD757000ABDDD = {
						CreatedOnToolsVersion = 15.0.1;
					};
					96F382072C5CD758000ABDDD = {
						CreatedOnToolsVersion = 15.0.1;
						TestTargetID = 96F381F12C5CD757000ABDDD;
					};
					96F382112C5CD758000ABDDD = {
						CreatedOnToolsVersion = 15.0.1;
						TestTargetID = 96F381F12C5CD757000ABDDD;
					};
				};
			};
			buildConfigurationList = 96F381ED2C5CD757000ABDDD /* Build configuration list for PBXProject "DemoApp" */;
			compatibilityVersion = "Xcode 14.0";
			developmentRegion = en;
			hasScannedForEncodings = 0;
			knownRegions = (
				en,
				Base,
			);
			mainGroup = 96F381E92C5CD757000ABDDD;
			packageReferences = (
				966F7CC22C61D40900D28A48 /* XCRemoteSwiftPackageReference "mavis-id-iOS" */,
			);
			productRefGroup = 96F381F32C5CD757000ABDDD /* Products */;
			projectDirPath = "";
			projectRoot = "";
			targets = (
				96F381F12C5CD757000ABDDD /* DemoApp */,
				96F382072C5CD758000ABDDD /* DemoAppTests */,
				96F382112C5CD758000ABDDD /* DemoAppUITests */,
			);
		};
/* End PBXProject section */

/* Begin PBXResourcesBuildPhase section */
		96F381F02C5CD757000ABDDD /* Resources */ = {
			isa = PBXResourcesBuildPhase;
			buildActionMask = 2147483647;
			files = (
				96F382022C5CD758000ABDDD /* LaunchScreen.storyboard in Resources */,
				96F381FF2C5CD758000ABDDD /* Assets.xcassets in Resources */,
				96F381FD2C5CD757000ABDDD /* Main.storyboard in Resources */,
			);
			runOnlyForDeploymentPostprocessing = 0;
		};
		96F382062C5CD758000ABDDD /* Resources */ = {
			isa = PBXResourcesBuildPhase;
			buildActionMask = 2147483647;
			files = (
			);
			runOnlyForDeploymentPostprocessing = 0;
		};
		96F382102C5CD758000ABDDD /* Resources */ = {
			isa = PBXResourcesBuildPhase;
			buildActionMask = 2147483647;
			files = (
			);
			runOnlyForDeploymentPostprocessing = 0;
		};
/* End PBXResourcesBuildPhase section */

/* Begin PBXSourcesBuildPhase section */
		96F381EE2C5CD757000ABDDD /* Sources */ = {
			isa = PBXSourcesBuildPhase;
			buildActionMask = 2147483647;
			files = (
				96F381FA2C5CD757000ABDDD /* ViewController.swift in Sources */,
				96F381F62C5CD757000ABDDD /* AppDelegate.swift in Sources */,
				96F381F82C5CD757000ABDDD /* SceneDelegate.swift in Sources */,
			);
			runOnlyForDeploymentPostprocessing = 0;
		};
		96F382042C5CD758000ABDDD /* Sources */ = {
			isa = PBXSourcesBuildPhase;
			buildActionMask = 2147483647;
			files = (
				96F3820D2C5CD758000ABDDD /* DemoAppTests.swift in Sources */,
			);
			runOnlyForDeploymentPostprocessing = 0;
		};
		96F3820E2C5CD758000ABDDD /* Sources */ = {
			isa = PBXSourcesBuildPhase;
			buildActionMask = 2147483647;
			files = (
				96F382172C5CD758000ABDDD /* DemoAppUITests.swift in Sources */,
				96F382192C5CD758000ABDDD /* DemoAppUITestsLaunchTests.swift in Sources */,
			);
			runOnlyForDeploymentPostprocessing = 0;
		};
/* End PBXSourcesBuildPhase section */

/* Begin PBXTargetDependency section */
		96F3820A2C5CD758000ABDDD /* PBXTargetDependency */ = {
			isa = PBXTargetDependency;
			target = 96F381F12C5CD757000ABDDD /* DemoApp */;
			targetProxy = 96F382092C5CD758000ABDDD /* PBXContainerItemProxy */;
		};
		96F382142C5CD758000ABDDD /* PBXTargetDependency */ = {
			isa = PBXTargetDependency;
			target = 96F381F12C5CD757000ABDDD /* DemoApp */;
			targetProxy = 96F382132C5CD758000ABDDD /* PBXContainerItemProxy */;
		};
/* End PBXTargetDependency section */

/* Begin PBXVariantGroup section */
		96F381FB2C5CD757000ABDDD /* Main.storyboard */ = {
			isa = PBXVariantGroup;
			children = (
				96F381FC2C5CD757000ABDDD /* Base */,
			);
			name = Main.storyboard;
			sourceTree = "<group>";
		};
		96F382002C5CD758000ABDDD /* LaunchScreen.storyboard */ = {
			isa = PBXVariantGroup;
			children = (
				96F382012C5CD758000ABDDD /* Base */,
			);
			name = LaunchScreen.storyboard;
			sourceTree = "<group>";
		};
/* End PBXVariantGroup section */

/* Begin XCBuildConfiguration section */
		96F3821A2C5CD758000ABDDD /* Debug */ = {
			isa = XCBuildConfiguration;
			buildSettings = {
				ALWAYS_SEARCH_USER_PATHS = NO;
				ASSETCATALOG_COMPILER_GENERATE_SWIFT_ASSET_SYMBOL_EXTENSIONS = YES;
				CLANG_ANALYZER_NONNULL = YES;
				CLANG_ANALYZER_NUMBER_OBJECT_CONVERSION = YES_AGGRESSIVE;
				CLANG_CXX_LANGUAGE_STANDARD = "gnu++20";
				CLANG_ENABLE_MODULES = YES;
				CLANG_ENABLE_OBJC_ARC = YES;
				CLANG_ENABLE_OBJC_WEAK = YES;
				CLANG_WARN_BLOCK_CAPTURE_AUTORELEASING = YES;
				CLANG_WARN_BOOL_CONVERSION = YES;
				CLANG_WARN_COMMA = YES;
				CLANG_WARN_CONSTANT_CONVERSION = YES;
				CLANG_WARN_DEPRECATED_OBJC_IMPLEMENTATIONS = YES;
				CLANG_WARN_DIRECT_OBJC_ISA_USAGE = YES_ERROR;
				CLANG_WARN_DOCUMENTATION_COMMENTS = YES;
				CLANG_WARN_EMPTY_BODY = YES;
				CLANG_WARN_ENUM_CONVERSION = YES;
				CLANG_WARN_INFINITE_RECURSION = YES;
				CLANG_WARN_INT_CONVERSION = YES;
				CLANG_WARN_NON_LITERAL_NULL_CONVERSION = YES;
				CLANG_WARN_OBJC_IMPLICIT_RETAIN_SELF = YES;
				CLANG_WARN_OBJC_LITERAL_CONVERSION = YES;
				CLANG_WARN_OBJC_ROOT_CLASS = YES_ERROR;
				CLANG_WARN_QUOTED_INCLUDE_IN_FRAMEWORK_HEADER = YES;
				CLANG_WARN_RANGE_LOOP_ANALYSIS = YES;
				CLANG_WARN_STRICT_PROTOTYPES = YES;
				CLANG_WARN_SUSPICIOUS_MOVE = YES;
				CLANG_WARN_UNGUARDED_AVAILABILITY = YES_AGGRESSIVE;
				CLANG_WARN_UNREACHABLE_CODE = YES;
				CLANG_WARN__DUPLICATE_METHOD_MATCH = YES;
				COPY_PHASE_STRIP = NO;
				DEBUG_INFORMATION_FORMAT = dwarf;
				ENABLE_STRICT_OBJC_MSGSEND = YES;
				ENABLE_TESTABILITY = YES;
				ENABLE_USER_SCRIPT_SANDBOXING = YES;
				GCC_C_LANGUAGE_STANDARD = gnu17;
				GCC_DYNAMIC_NO_PIC = NO;
				GCC_NO_COMMON_BLOCKS = YES;
				GCC_OPTIMIZATION_LEVEL = 0;
				GCC_PREPROCESSOR_DEFINITIONS = (
					"DEBUG=1",
					"$(inherited)",
				);
				GCC_WARN_64_TO_32_BIT_CONVERSION = YES;
				GCC_WARN_ABOUT_RETURN_TYPE = YES_ERROR;
				GCC_WARN_UNDECLARED_SELECTOR = YES;
				GCC_WARN_UNINITIALIZED_AUTOS = YES_AGGRESSIVE;
				GCC_WARN_UNUSED_FUNCTION = YES;
				GCC_WARN_UNUSED_VARIABLE = YES;
				IPHONEOS_DEPLOYMENT_TARGET = 17.0;
				LOCALIZATION_PREFERS_STRING_CATALOGS = YES;
				MTL_ENABLE_DEBUG_INFO = INCLUDE_SOURCE;
				MTL_FAST_MATH = YES;
				ONLY_ACTIVE_ARCH = YES;
				SDKROOT = iphoneos;
				SWIFT_ACTIVE_COMPILATION_CONDITIONS = "DEBUG $(inherited)";
				SWIFT_OPTIMIZATION_LEVEL = "-Onone";
			};
			name = Debug;
		};
		96F3821B2C5CD758000ABDDD /* Release */ = {
			isa = XCBuildConfiguration;
			buildSettings = {
				ALWAYS_SEARCH_USER_PATHS = NO;
				ASSETCATALOG_COMPILER_GENERATE_SWIFT_ASSET_SYMBOL_EXTENSIONS = YES;
				CLANG_ANALYZER_NONNULL = YES;
				CLANG_ANALYZER_NUMBER_OBJECT_CONVERSION = YES_AGGRESSIVE;
				CLANG_CXX_LANGUAGE_STANDARD = "gnu++20";
				CLANG_ENABLE_MODULES = YES;
				CLANG_ENABLE_OBJC_ARC = YES;
				CLANG_ENABLE_OBJC_WEAK = YES;
				CLANG_WARN_BLOCK_CAPTURE_AUTORELEASING = YES;
				CLANG_WARN_BOOL_CONVERSION = YES;
				CLANG_WARN_COMMA = YES;
				CLANG_WARN_CONSTANT_CONVERSION = YES;
				CLANG_WARN_DEPRECATED_OBJC_IMPLEMENTATIONS = YES;
				CLANG_WARN_DIRECT_OBJC_ISA_USAGE = YES_ERROR;
				CLANG_WARN_DOCUMENTATION_COMMENTS = YES;
				CLANG_WARN_EMPTY_BODY = YES;
				CLANG_WARN_ENUM_CONVERSION = YES;
				CLANG_WARN_INFINITE_RECURSION = YES;
				CLANG_WARN_INT_CONVERSION = YES;
				CLANG_WARN_NON_LITERAL_NULL_CONVERSION = YES;
				CLANG_WARN_OBJC_IMPLICIT_RETAIN_SELF = YES;
				CLANG_WARN_OBJC_LITERAL_CONVERSION = YES;
				CLANG_WARN_OBJC_ROOT_CLASS = YES_ERROR;
				CLANG_WARN_QUOTED_INCLUDE_IN_FRAMEWORK_HEADER = YES;
				CLANG_WARN_RANGE_LOOP_ANALYSIS = YES;
				CLANG_WARN_STRICT_PROTOTYPES = YES;
				CLANG_WARN_SUSPICIOUS_MOVE = YES;
				CLANG_WARN_UNGUARDED_AVAILABILITY = YES_AGGRESSIVE;
				CLANG_WARN_UNREACHABLE_CODE = YES;
				CLANG_WARN__DUPLICATE_METHOD_MATCH = YES;
				COPY_PHASE_STRIP = NO;
				DEBUG_INFORMATION_FORMAT = "dwarf-with-dsym";
				ENABLE_NS_ASSERTIONS = NO;
				ENABLE_STRICT_OBJC_MSGSEND = YES;
				ENABLE_USER_SCRIPT_SANDBOXING = YES;
				GCC_C_LANGUAGE_STANDARD = gnu17;
				GCC_NO_COMMON_BLOCKS = YES;
				GCC_WARN_64_TO_32_BIT_CONVERSION = YES;
				GCC_WARN_ABOUT_RETURN_TYPE = YES_ERROR;
				GCC_WARN_UNDECLARED_SELECTOR = YES;
				GCC_WARN_UNINITIALIZED_AUTOS = YES_AGGRESSIVE;
				GCC_WARN_UNUSED_FUNCTION = YES;
				GCC_WARN_UNUSED_VARIABLE = YES;
				IPHONEOS_DEPLOYMENT_TARGET = 17.0;
				LOCALIZATION_PREFERS_STRING_CATALOGS = YES;
				MTL_ENABLE_DEBUG_INFO = NO;
				MTL_FAST_MATH = YES;
				SDKROOT = iphoneos;
				SWIFT_COMPILATION_MODE = wholemodule;
				VALIDATE_PRODUCT = YES;
			};
			name = Release;
		};
		96F3821D2C5CD758000ABDDD /* Debug */ = {
			isa = XCBuildConfiguration;
			buildSettings = {
				ASSETCATALOG_COMPILER_APPICON_NAME = AppIcon;
				ASSETCATALOG_COMPILER_GLOBAL_ACCENT_COLOR_NAME = AccentColor;
				CODE_SIGN_STYLE = Automatic;
				CURRENT_PROJECT_VERSION = 1;
				DEVELOPMENT_TEAM = 3X47BV77DK;
				GENERATE_INFOPLIST_FILE = YES;
				INFOPLIST_FILE = DemoApp/Info.plist;
				INFOPLIST_KEY_UIApplicationSupportsIndirectInputEvents = YES;
				INFOPLIST_KEY_UILaunchStoryboardName = LaunchScreen;
				INFOPLIST_KEY_UIMainStoryboardFile = Main;
				INFOPLIST_KEY_UISupportedInterfaceOrientations_iPad = "UIInterfaceOrientationPortrait UIInterfaceOrientationPortraitUpsideDown UIInterfaceOrientationLandscapeLeft UIInterfaceOrientationLandscapeRight";
				INFOPLIST_KEY_UISupportedInterfaceOrientations_iPhone = "UIInterfaceOrientationPortrait UIInterfaceOrientationLandscapeLeft UIInterfaceOrientationLandscapeRight";
				IPHONEOS_DEPLOYMENT_TARGET = 13.0;
				LD_RUNPATH_SEARCH_PATHS = (
					"$(inherited)",
					"@executable_path/Frameworks",
				);
				MARKETING_VERSION = 1.0;
				PRODUCT_BUNDLE_IDENTIFIER = com.skymavis.sdk.example.DemoApp;
				PRODUCT_NAME = "$(TARGET_NAME)";
				SWIFT_EMIT_LOC_STRINGS = YES;
				SWIFT_VERSION = 5.0;
				TARGETED_DEVICE_FAMILY = "1,2";
			};
			name = Debug;
		};
		96F3821E2C5CD758000ABDDD /* Release */ = {
			isa = XCBuildConfiguration;
			buildSettings = {
				ASSETCATALOG_COMPILER_APPICON_NAME = AppIcon;
				ASSETCATALOG_COMPILER_GLOBAL_ACCENT_COLOR_NAME = AccentColor;
				CODE_SIGN_STYLE = Automatic;
				CURRENT_PROJECT_VERSION = 1;
				DEVELOPMENT_TEAM = 3X47BV77DK;
				GENERATE_INFOPLIST_FILE = YES;
				INFOPLIST_FILE = DemoApp/Info.plist;
				INFOPLIST_KEY_UIApplicationSupportsIndirectInputEvents = YES;
				INFOPLIST_KEY_UILaunchStoryboardName = LaunchScreen;
				INFOPLIST_KEY_UIMainStoryboardFile = Main;
				INFOPLIST_KEY_UISupportedInterfaceOrientations_iPad = "UIInterfaceOrientationPortrait UIInterfaceOrientationPortraitUpsideDown UIInterfaceOrientationLandscapeLeft UIInterfaceOrientationLandscapeRight";
				INFOPLIST_KEY_UISupportedInterfaceOrientations_iPhone = "UIInterfaceOrientationPortrait UIInterfaceOrientationLandscapeLeft UIInterfaceOrientationLandscapeRight";
				IPHONEOS_DEPLOYMENT_TARGET = 13.0;
				LD_RUNPATH_SEARCH_PATHS = (
					"$(inherited)",
					"@executable_path/Frameworks",
				);
				MARKETING_VERSION = 1.0;
				PRODUCT_BUNDLE_IDENTIFIER = com.skymavis.sdk.example.DemoApp;
				PRODUCT_NAME = "$(TARGET_NAME)";
				SWIFT_EMIT_LOC_STRINGS = YES;
				SWIFT_VERSION = 5.0;
				TARGETED_DEVICE_FAMILY = "1,2";
			};
			name = Release;
		};
		96F382202C5CD758000ABDDD /* Debug */ = {
			isa = XCBuildConfiguration;
			buildSettings = {
				ALWAYS_EMBED_SWIFT_STANDARD_LIBRARIES = YES;
				BUNDLE_LOADER = "$(TEST_HOST)";
				CODE_SIGN_STYLE = Automatic;
				CURRENT_PROJECT_VERSION = 1;
				DEVELOPMENT_TEAM = 3X47BV77DK;
				GENERATE_INFOPLIST_FILE = YES;
				IPHONEOS_DEPLOYMENT_TARGET = 17.0;
				MARKETING_VERSION = 1.0;
				PRODUCT_BUNDLE_IDENTIFIER = com.skymavis.sdk.example.DemoAppTests;
				PRODUCT_NAME = "$(TARGET_NAME)";
				SWIFT_EMIT_LOC_STRINGS = NO;
				SWIFT_VERSION = 5.0;
				TARGETED_DEVICE_FAMILY = "1,2";
				TEST_HOST = "$(BUILT_PRODUCTS_DIR)/DemoApp.app/$(BUNDLE_EXECUTABLE_FOLDER_PATH)/DemoApp";
			};
			name = Debug;
		};
		96F382212C5CD758000ABDDD /* Release */ = {
			isa = XCBuildConfiguration;
			buildSettings = {
				ALWAYS_EMBED_SWIFT_STANDARD_LIBRARIES = YES;
				BUNDLE_LOADER = "$(TEST_HOST)";
				CODE_SIGN_STYLE = Automatic;
				CURRENT_PROJECT_VERSION = 1;
				DEVELOPMENT_TEAM = 3X47BV77DK;
				GENERATE_INFOPLIST_FILE = YES;
				IPHONEOS_DEPLOYMENT_TARGET = 17.0;
				MARKETING_VERSION = 1.0;
				PRODUCT_BUNDLE_IDENTIFIER = com.skymavis.sdk.example.DemoAppTests;
				PRODUCT_NAME = "$(TARGET_NAME)";
				SWIFT_EMIT_LOC_STRINGS = NO;
				SWIFT_VERSION = 5.0;
				TARGETED_DEVICE_FAMILY = "1,2";
				TEST_HOST = "$(BUILT_PRODUCTS_DIR)/DemoApp.app/$(BUNDLE_EXECUTABLE_FOLDER_PATH)/DemoApp";
			};
			name = Release;
		};
		96F382232C5CD758000ABDDD /* Debug */ = {
			isa = XCBuildConfiguration;
			buildSettings = {
				ALWAYS_EMBED_SWIFT_STANDARD_LIBRARIES = YES;
				CODE_SIGN_STYLE = Automatic;
				CURRENT_PROJECT_VERSION = 1;
				DEVELOPMENT_TEAM = 3X47BV77DK;
				GENERATE_INFOPLIST_FILE = YES;
				MARKETING_VERSION = 1.0;
				PRODUCT_BUNDLE_IDENTIFIER = com.skymavis.sdk.example.DemoAppUITests;
				PRODUCT_NAME = "$(TARGET_NAME)";
				SWIFT_EMIT_LOC_STRINGS = NO;
				SWIFT_VERSION = 5.0;
				TARGETED_DEVICE_FAMILY = "1,2";
				TEST_TARGET_NAME = DemoApp;
			};
			name = Debug;
		};
		96F382242C5CD758000ABDDD /* Release */ = {
			isa = XCBuildConfiguration;
			buildSettings = {
				ALWAYS_EMBED_SWIFT_STANDARD_LIBRARIES = YES;
				CODE_SIGN_STYLE = Automatic;
				CURRENT_PROJECT_VERSION = 1;
				DEVELOPMENT_TEAM = 3X47BV77DK;
				GENERATE_INFOPLIST_FILE = YES;
				MARKETING_VERSION = 1.0;
				PRODUCT_BUNDLE_IDENTIFIER = com.skymavis.sdk.example.DemoAppUITests;
				PRODUCT_NAME = "$(TARGET_NAME)";
				SWIFT_EMIT_LOC_STRINGS = NO;
				SWIFT_VERSION = 5.0;
				TARGETED_DEVICE_FAMILY = "1,2";
				TEST_TARGET_NAME = DemoApp;
			};
			name = Release;
		};
/* End XCBuildConfiguration section */

/* Begin XCConfigurationList section */
		96F381ED2C5CD757000ABDDD /* Build configuration list for PBXProject "DemoApp" */ = {
			isa = XCConfigurationList;
			buildConfigurations = (
				96F3821A2C5CD758000ABDDD /* Debug */,
				96F3821B2C5CD758000ABDDD /* Release */,
			);
			defaultConfigurationIsVisible = 0;
			defaultConfigurationName = Release;
		};
		96F3821C2C5CD758000ABDDD /* Build configuration list for PBXNativeTarget "DemoApp" */ = {
			isa = XCConfigurationList;
			buildConfigurations = (
				96F3821D2C5CD758000ABDDD /* Debug */,
				96F3821E2C5CD758000ABDDD /* Release */,
			);
			defaultConfigurationIsVisible = 0;
			defaultConfigurationName = Release;
		};
		96F3821F2C5CD758000ABDDD /* Build configuration list for PBXNativeTarget "DemoAppTests" */ = {
			isa = XCConfigurationList;
			buildConfigurations = (
				96F382202C5CD758000ABDDD /* Debug */,
				96F382212C5CD758000ABDDD /* Release */,
			);
			defaultConfigurationIsVisible = 0;
			defaultConfigurationName = Release;
		};
		96F382222C5CD758000ABDDD /* Build configuration list for PBXNativeTarget "DemoAppUITests" */ = {
			isa = XCConfigurationList;
			buildConfigurations = (
				96F382232C5CD758000ABDDD /* Debug */,
				96F382242C5CD758000ABDDD /* Release */,
			);
			defaultConfigurationIsVisible = 0;
			defaultConfigurationName = Release;
		};
/* End XCConfigurationList section */

/* Begin XCRemoteSwiftPackageReference section */
		966F7CC22C61D40900D28A48 /* XCRemoteSwiftPackageReference "mavis-id-iOS" */ = {
			isa = XCRemoteSwiftPackageReference;
			repositoryURL = "https://github.com/skymavis/mavis-id-iOS";
			requirement = {
				kind = upToNextMajorVersion;
				minimumVersion = 0.1.0;
			};
		};
/* End XCRemoteSwiftPackageReference section */

/* Begin XCSwiftPackageProductDependency section */
		966F7CC42C61D57F00D28A48 /* id */ = {
			isa = XCSwiftPackageProductDependency;
			package = 966F7CC22C61D40900D28A48 /* XCRemoteSwiftPackageReference "mavis-id-iOS" */;
			productName = id;
		};
/* End XCSwiftPackageProductDependency section */
	};
	rootObject = 96F381EA2C5CD757000ABDDD /* Project object */;
}
