{
  "pins" : [
    {
      "identity" : "mavis-id-ios",
      "kind" : "remoteSourceControl",
      "location" : "https://github.com/skymavis/mavis-id-iOS",
      "state" : {
        "revision" : "4f1f7715b870fc759e674bcfe82f1d056fb76975",
        "version" : "0.1.0"
      }
    }
  ],
  "version" : 2
}
